
Microsoft Visual Studio Solution File, Format Version 11.00
# Visual Studio 2010
Project("{8BC9CEB8-8B4A-11D0-8D11-00A0C91BC942}") = "msgpack-rpc_vc10", "msgpack-rpc_vc10.vcxproj", "{90A0E574-0A88-4AD5-BA90-4F4C6BF2CD84}"
EndProject
Project("{2150E333-8FDC-42A3-9474-1A3956D46DE8}") = "Test", "Test", "{495A8EBF-837F-4318-A2B4-8D9190A2BE92}"
EndProject
Project("{8BC9CEB8-8B4A-11D0-8D11-00A0C91BC942}") = "sync_call", "test\projects\sync_call.vcxproj", "{3473C40C-A659-4DC3-A830-5E69DE8512C3}"
EndProject
Project("{8BC9CEB8-8B4A-11D0-8D11-00A0C91BC942}") = "async_call", "test\projects\async_call.vcxproj", "{E0C0FC91-0202-499E-8DE7-520133A2DB1C}"
EndProject
Project("{8BC9CEB8-8B4A-11D0-8D11-00A0C91BC942}") = "notify", "test\projects\notify.vcxproj", "{71F78CC4-F700-47D9-9368-2AE52D7E0C73}"
EndProject
Project("{8BC9CEB8-8B4A-11D0-8D11-00A0C91BC942}") = "async_server", "test\projects\async_server.vcxproj", "{4FEEFDF2-0B87-4AD6-B41D-01B38ED87E8F}"
EndProject
Global
	GlobalSection(SolutionConfigurationPlatforms) = preSolution
		Debug|Win32 = Debug|Win32
		Debug-Boost|Win32 = Debug-Boost|Win32
		Release|Win32 = Release|Win32
		Release-Boost|Win32 = Release-Boost|Win32
	EndGlobalSection
	GlobalSection(ProjectConfigurationPlatforms) = postSolution
		{90A0E574-0A88-4AD5-BA90-4F4C6BF2CD84}.Debug|Win32.ActiveCfg = Debug|Win32
		{90A0E574-0A88-4AD5-BA90-4F4C6BF2CD84}.Debug|Win32.Build.0 = Debug|Win32
		{90A0E574-0A88-4AD5-BA90-4F4C6BF2CD84}.Debug-Boost|Win32.ActiveCfg = Debug-Boost|Win32
		{90A0E574-0A88-4AD5-BA90-4F4C6BF2CD84}.Debug-Boost|Win32.Build.0 = Debug-Boost|Win32
		{90A0E574-0A88-4AD5-BA90-4F4C6BF2CD84}.Release|Win32.ActiveCfg = Release|Win32
		{90A0E574-0A88-4AD5-BA90-4F4C6BF2CD84}.Release|Win32.Build.0 = Release|Win32
		{90A0E574-0A88-4AD5-BA90-4F4C6BF2CD84}.Release-Boost|Win32.ActiveCfg = Release-Boost|Win32
		{90A0E574-0A88-4AD5-BA90-4F4C6BF2CD84}.Release-Boost|Win32.Build.0 = Release-Boost|Win32
		{3473C40C-A659-4DC3-A830-5E69DE8512C3}.Debug|Win32.ActiveCfg = Debug|Win32
		{3473C40C-A659-4DC3-A830-5E69DE8512C3}.Debug|Win32.Build.0 = Debug|Win32
		{3473C40C-A659-4DC3-A830-5E69DE8512C3}.Debug-Boost|Win32.ActiveCfg = Debug-Boost|Win32
		{3473C40C-A659-4DC3-A830-5E69DE8512C3}.Debug-Boost|Win32.Build.0 = Debug-Boost|Win32
		{3473C40C-A659-4DC3-A830-5E69DE8512C3}.Release|Win32.ActiveCfg = Release|Win32
		{3473C40C-A659-4DC3-A830-5E69DE8512C3}.Release|Win32.Build.0 = Release|Win32
		{3473C40C-A659-4DC3-A830-5E69DE8512C3}.Release-Boost|Win32.ActiveCfg = Release-Boost|Win32
		{3473C40C-A659-4DC3-A830-5E69DE8512C3}.Release-Boost|Win32.Build.0 = Release-Boost|Win32
		{E0C0FC91-0202-499E-8DE7-520133A2DB1C}.Debug|Win32.ActiveCfg = Debug|Win32
		{E0C0FC91-0202-499E-8DE7-520133A2DB1C}.Debug|Win32.Build.0 = Debug|Win32
		{E0C0FC91-0202-499E-8DE7-520133A2DB1C}.Debug-Boost|Win32.ActiveCfg = Debug-Boost|Win32
		{E0C0FC91-0202-499E-8DE7-520133A2DB1C}.Debug-Boost|Win32.Build.0 = Debug-Boost|Win32
		{E0C0FC91-0202-499E-8DE7-520133A2DB1C}.Release|Win32.ActiveCfg = Release|Win32
		{E0C0FC91-0202-499E-8DE7-520133A2DB1C}.Release|Win32.Build.0 = Release|Win32
		{E0C0FC91-0202-499E-8DE7-520133A2DB1C}.Release-Boost|Win32.ActiveCfg = Release-Boost|Win32
		{E0C0FC91-0202-499E-8DE7-520133A2DB1C}.Release-Boost|Win32.Build.0 = Release-Boost|Win32
		{71F78CC4-F700-47D9-9368-2AE52D7E0C73}.Debug|Win32.ActiveCfg = Debug|Win32
		{71F78CC4-F700-47D9-9368-2AE52D7E0C73}.Debug|Win32.Build.0 = Debug|Win32
		{71F78CC4-F700-47D9-9368-2AE52D7E0C73}.Debug-Boost|Win32.ActiveCfg = Debug-Boost|Win32
		{71F78CC4-F700-47D9-9368-2AE52D7E0C73}.Debug-Boost|Win32.Build.0 = Debug-Boost|Win32
		{71F78CC4-F700-47D9-9368-2AE52D7E0C73}.Release|Win32.ActiveCfg = Release|Win32
		{71F78CC4-F700-47D9-9368-2AE52D7E0C73}.Release|Win32.Build.0 = Release|Win32
		{71F78CC4-F700-47D9-9368-2AE52D7E0C73}.Release-Boost|Win32.ActiveCfg = Release-Boost|Win32
		{71F78CC4-F700-47D9-9368-2AE52D7E0C73}.Release-Boost|Win32.Build.0 = Release-Boost|Win32
		{4FEEFDF2-0B87-4AD6-B41D-01B38ED87E8F}.Debug|Win32.ActiveCfg = Debug|Win32
		{4FEEFDF2-0B87-4AD6-B41D-01B38ED87E8F}.Debug|Win32.Build.0 = Debug|Win32
		{4FEEFDF2-0B87-4AD6-B41D-01B38ED87E8F}.Debug-Boost|Win32.ActiveCfg = Debug-Boost|Win32
		{4FEEFDF2-0B87-4AD6-B41D-01B38ED87E8F}.Debug-Boost|Win32.Build.0 = Debug-Boost|Win32
		{4FEEFDF2-0B87-4AD6-B41D-01B38ED87E8F}.Release|Win32.ActiveCfg = Release|Win32
		{4FEEFDF2-0B87-4AD6-B41D-01B38ED87E8F}.Release|Win32.Build.0 = Release|Win32
		{4FEEFDF2-0B87-4AD6-B41D-01B38ED87E8F}.Release-Boost|Win32.ActiveCfg = Release-Boost|Win32
		{4FEEFDF2-0B87-4AD6-B41D-01B38ED87E8F}.Release-Boost|Win32.Build.0 = Release-Boost|Win32
	EndGlobalSection
	GlobalSection(SolutionProperties) = preSolution
		HideSolutionNode = FALSE
	EndGlobalSection
	GlobalSection(NestedProjects) = preSolution
		{3473C40C-A659-4DC3-A830-5E69DE8512C3} = {495A8EBF-837F-4318-A2B4-8D9190A2BE92}
		{E0C0FC91-0202-499E-8DE7-520133A2DB1C} = {495A8EBF-837F-4318-A2B4-8D9190A2BE92}
		{71F78CC4-F700-47D9-9368-2AE52D7E0C73} = {495A8EBF-837F-4318-A2B4-8D9190A2BE92}
		{4FEEFDF2-0B87-4AD6-B41D-01B38ED87E8F} = {495A8EBF-837F-4318-A2B4-8D9190A2BE92}
	EndGlobalSection
EndGlobal
